// !$*UTF8*$!
{
	archiveVersion = 1;
	classes = {
	};
	objectVersion = 51;
	objects = {

/* Begin PBXBuildFile section */
		60C716C12FF9961C3FB60697 /* Pods_flickr_recents.framework in Frameworks */ = {isa = PBXBuildFile; fileRef = 5E7505E031A0912E647AC302 /* Pods_flickr_recents.framework */; };
		D65A1B5326EF253A00A53D10 /* AppDelegate.swift in Sources */ = {isa = PBXBuildFile; fileRef = D65A1B5226EF253A00A53D10 /* AppDelegate.swift */; };
		D65A1B5A26EF253A00A53D10 /* Main.storyboard in Resources */ = {isa = PBXBuildFile; fileRef = D65A1B5826EF253A00A53D10 /* Main.storyboard */; };
		D65A1B5C26EF253C00A53D10 /* Assets.xcassets in Resources */ = {isa = PBXBuildFile; fileRef = D65A1B5B26EF253C00A53D10 /* Assets.xcassets */; };
		D65A1B5F26EF253C00A53D10 /* LaunchScreen.storyboard in Resources */ = {isa = PBXBuildFile; fileRef = D65A1B5D26EF253C00A53D10 /* LaunchScreen.storyboard */; };
		D65A1B7026EF278D00A53D10 /* ImageGalleryViewController.swift in Sources */ = {isa = PBXBuildFile; fileRef = D65A1B6F26EF278D00A53D10 /* ImageGalleryViewController.swift */; };
		D65A1B7526EF2A7800A53D10 /* PhotoCollectionViewCell.swift in Sources */ = {isa = PBXBuildFile; fileRef = D65A1B7426EF2A7800A53D10 /* PhotoCollectionViewCell.swift */; };
		D65A1B7926EF2B2900A53D10 /* Constants.swift in Sources */ = {isa = PBXBuildFile; fileRef = D65A1B7826EF2B2900A53D10 /* Constants.swift */; };
		D65A1B7E26EF2E7F00A53D10 /* FlickrModel.swift in Sources */ = {isa = PBXBuildFile; fileRef = D65A1B7D26EF2E7F00A53D10 /* FlickrModel.swift */; };
		D65A1BA526EF320D00A53D10 /* NetworkManager.swift in Sources */ = {isa = PBXBuildFile; fileRef = D65A1BA426EF320D00A53D10 /* NetworkManager.swift */; };
		D6D587FC26EF4B4A00621C56 /* ImageDetailViewController.swift in Sources */ = {isa = PBXBuildFile; fileRef = D6D587FB26EF4B4A00621C56 /* ImageDetailViewController.swift */; };
		D6D587FF26EF4C0100621C56 /* PhotoDetailCollectionViewCell.swift in Sources */ = {isa = PBXBuildFile; fileRef = D6D587FE26EF4C0100621C56 /* PhotoDetailCollectionViewCell.swift */; };
/* End PBXBuildFile section */

/* Begin PBXFileReference section */
		511D5D56EFDE3199F6A2310F /* Pods-flickr-recents.release.xcconfig */ = {isa = PBXFileReference; includeInIndex = 1; lastKnownFileType = text.xcconfig; name = "Pods-flickr-recents.release.xcconfig"; path = "Target Support Files/Pods-flickr-recents/Pods-flickr-recents.release.xcconfig"; sourceTree = "<group>"; };
		5E7505E031A0912E647AC302 /* Pods_flickr_recents.framework */ = {isa = PBXFileReference; explicitFileType = wrapper.framework; includeInIndex = 0; path = Pods_flickr_recents.framework; sourceTree = BUILT_PRODUCTS_DIR; };
		D65A1B4F26EF253A00A53D10 /* flickr-recents.app */ = {isa = PBXFileReference; explicitFileType = wrapper.application; includeInIndex = 0; path = "flickr-recents.app"; sourceTree = BUILT_PRODUCTS_DIR; };
		D65A1B5226EF253A00A53D10 /* AppDelegate.swift */ = {isa = PBXFileReference; lastKnownFileType = sourcecode.swift; path = AppDelegate.swift; sourceTree = "<group>"; };
		D65A1B5926EF253A00A53D10 /* Base */ = {isa = PBXFileReference; lastKnownFileType = file.storyboard; name = Base; path = Base.lproj/Main.storyboard; sourceTree = "<group>"; };
		D65A1B5B26EF253C00A53D10 /* Assets.xcassets */ = {isa = PBXFileReference; lastKnownFileType = folder.assetcatalog; path = Assets.xcassets; sourceTree = "<group>"; };
		D65A1B5E26EF253C00A53D10 /* Base */ = {isa = PBXFileReference; lastKnownFileType = file.storyboard; name = Base; path = Base.lproj/LaunchScreen.storyboard; sourceTree = "<group>"; };
		D65A1B6026EF253C00A53D10 /* Info.plist */ = {isa = PBXFileReference; lastKnownFileType = text.plist.xml; path = Info.plist; sourceTree = "<group>"; };
		D65A1B6F26EF278D00A53D10 /* ImageGalleryViewController.swift */ = {isa = PBXFileReference; lastKnownFileType = sourcecode.swift; path = ImageGalleryViewController.swift; sourceTree = "<group>"; };
		D65A1B7426EF2A7800A53D10 /* PhotoCollectionViewCell.swift */ = {isa = PBXFileReference; lastKnownFileType = sourcecode.swift; path = PhotoCollectionViewCell.swift; sourceTree = "<group>"; };
		D65A1B7826EF2B2900A53D10 /* Constants.swift */ = {isa = PBXFileReference; lastKnownFileType = sourcecode.swift; path = Constants.swift; sourceTree = "<group>"; };
		D65A1B7D26EF2E7F00A53D10 /* FlickrModel.swift */ = {isa = PBXFileReference; lastKnownFileType = sourcecode.swift; path = FlickrModel.swift; sourceTree = "<group>"; };
		D65A1BA426EF320D00A53D10 /* NetworkManager.swift */ = {isa = PBXFileReference; lastKnownFileType = sourcecode.swift; path = NetworkManager.swift; sourceTree = "<group>"; };
		D6D587FB26EF4B4A00621C56 /* ImageDetailViewController.swift */ = {isa = PBXFileReference; lastKnownFileType = sourcecode.swift; path = ImageDetailViewController.swift; sourceTree = "<group>"; };
		D6D587FE26EF4C0100621C56 /* PhotoDetailCollectionViewCell.swift */ = {isa = PBXFileReference; lastKnownFileType = sourcecode.swift; path = PhotoDetailCollectionViewCell.swift; sourceTree = "<group>"; };
		F95D999FD649251063C787B4 /* Pods-flickr-recents.debug.xcconfig */ = {isa = PBXFileReference; includeInIndex = 1; lastKnownFileType = text.xcconfig; name = "Pods-flickr-recents.debug.xcconfig"; path = "Target Support Files/Pods-flickr-recents/Pods-flickr-recents.debug.xcconfig"; sourceTree = "<group>"; };
/* End PBXFileReference section */

/* Begin PBXFrameworksBuildPhase section */
		D65A1B4C26EF253A00A53D10 /* Frameworks */ = {
			isa = PBXFrameworksBuildPhase;
			buildActionMask = 2147483647;
			files = (
				60C716C12FF9961C3FB60697 /* Pods_flickr_recents.framework in Frameworks */,
			);
			runOnlyForDeploymentPostprocessing = 0;
		};
/* End PBXFrameworksBuildPhase section */

/* Begin PBXGroup section */
		7DF03492610BC071C0AC40AD /* Pods */ = {
			isa = PBXGroup;
			children = (
				F95D999FD649251063C787B4 /* Pods-flickr-recents.debug.xcconfig */,
				511D5D56EFDE3199F6A2310F /* Pods-flickr-recents.release.xcconfig */,
			);
			path = Pods;
			sourceTree = "<group>";
		};
		D65A1B4626EF253A00A53D10 = {
			isa = PBXGroup;
			children = (
				D65A1B5126EF253A00A53D10 /* flickr-recents */,
				D65A1B5026EF253A00A53D10 /* Products */,
				7DF03492610BC071C0AC40AD /* Pods */,
				DAD478106D42EDFEA82F52FB /* Frameworks */,
			);
			sourceTree = "<group>";
		};
		D65A1B5026EF253A00A53D10 /* Products */ = {
			isa = PBXGroup;
			children = (
				D65A1B4F26EF253A00A53D10 /* flickr-recents.app */,
			);
			name = Products;
			sourceTree = "<group>";
		};
		D65A1B5126EF253A00A53D10 /* flickr-recents */ = {
			isa = PBXGroup;
			children = (
				D65A1B5226EF253A00A53D10 /* AppDelegate.swift */,
				D65A1B5D26EF253C00A53D10 /* LaunchScreen.storyboard */,
				D65A1B5826EF253A00A53D10 /* Main.storyboard */,
				D65A1B5B26EF253C00A53D10 /* Assets.xcassets */,
				D65A1B7826EF2B2900A53D10 /* Constants.swift */,
				D65A1B6026EF253C00A53D10 /* Info.plist */,
				D65A1B7C26EF2E0600A53D10 /* Models */,
				D65A1B7326EF293600A53D10 /* TableViewCells */,
				D65A1B6E26EF276500A53D10 /* ViewControllers */,
			);
			path = "flickr-recents";
			sourceTree = "<group>";
		};
		D65A1B6E26EF276500A53D10 /* ViewControllers */ = {
			isa = PBXGroup;
			children = (
				D65A1B6F26EF278D00A53D10 /* ImageGalleryViewController.swift */,
				D6D587FB26EF4B4A00621C56 /* ImageDetailViewController.swift */,
			);
			path = ViewControllers;
			sourceTree = "<group>";
		};
		D65A1B7326EF293600A53D10 /* TableViewCells */ = {
			isa = PBXGroup;
			children = (
				D65A1B7426EF2A7800A53D10 /* PhotoCollectionViewCell.swift */,
				D6D587FE26EF4C0100621C56 /* PhotoDetailCollectionViewCell.swift */,
			);
			path = TableViewCells;
			sourceTree = "<group>";
		};
		D65A1B7C26EF2E0600A53D10 /* Models */ = {
			isa = PBXGroup;
			children = (
				D65A1B7D26EF2E7F00A53D10 /* FlickrModel.swift */,
				D65A1BA426EF320D00A53D10 /* NetworkManager.swift */,
			);
			path = Models;
			sourceTree = "<group>";
		};
		DAD478106D42EDFEA82F52FB /* Frameworks */ = {
			isa = PBXGroup;
			children = (
				5E7505E031A0912E647AC302 /* Pods_flickr_recents.framework */,
			);
			name = Frameworks;
			sourceTree = "<group>";
		};
/* End PBXGroup section */

/* Begin PBXNativeTarget section */
		D65A1B4E26EF253A00A53D10 /* flickr-recents */ = {
			isa = PBXNativeTarget;
			buildConfigurationList = D65A1B6326EF253C00A53D10 /* Build configuration list for PBXNativeTarget "flickr-recents" */;
			buildPhases = (
				3319E3CFAB01DC64EF776F1D /* [CP] Check Pods Manifest.lock */,
				D65A1B4B26EF253A00A53D10 /* Sources */,
				D65A1B4C26EF253A00A53D10 /* Frameworks */,
				D65A1B4D26EF253A00A53D10 /* Resources */,
				54AB51C5F2679675C888A0DD /* [CP] Embed Pods Frameworks */,
			);
			buildRules = (
			);
			dependencies = (
			);
			name = "flickr-recents";
			productName = "flickr-recents";
			productReference = D65A1B4F26EF253A00A53D10 /* flickr-recents.app */;
			productType = "com.apple.product-type.application";
		};
/* End PBXNativeTarget section */

/* Begin PBXProject section */
		D65A1B4726EF253A00A53D10 /* Project object */ = {
			isa = PBXProject;
			attributes = {
				LastSwiftUpdateCheck = 1240;
				LastUpgradeCheck = 1240;
				TargetAttributes = {
					D65A1B4E26EF253A00A53D10 = {
						CreatedOnToolsVersion = 12.4;
					};
				};
			};
			buildConfigurationList = D65A1B4A26EF253A00A53D10 /* Build configuration list for PBXProject "flickr-recents" */;
			compatibilityVersion = "Xcode 9.3";
			developmentRegion = en;
			hasScannedForEncodings = 0;
			knownRegions = (
				en,
				Base,
			);
			mainGroup = D65A1B4626EF253A00A53D10;
			productRefGroup = D65A1B5026EF253A00A53D10 /* Products */;
			projectDirPath = "";
			projectRoot = "";
			targets = (
				D65A1B4E26EF253A00A53D10 /* flickr-recents */,
			);
		};
/* End PBXProject section */

/* Begin PBXResourcesBuildPhase section */
		D65A1B4D26EF253A00A53D10 /* Resources */ = {
			isa = PBXResourcesBuildPhase;
			buildActionMask = 2147483647;
			files = (
				D65A1B5F26EF253C00A53D10 /* LaunchScreen.storyboard in Resources */,
				D65A1B5C26EF253C00A53D10 /* Assets.xcassets in Resources */,
				D65A1B5A26EF253A00A53D10 /* Main.storyboard in Resources */,
			);
			runOnlyForDeploymentPostprocessing = 0;
		};
/* End PBXResourcesBuildPhase section */

/* Begin PBXShellScriptBuildPhase section */
		3319E3CFAB01DC64EF776F1D /* [CP] Check Pods Manifest.lock */ = {
			isa = PBXShellScriptBuildPhase;
			buildActionMask = 2147483647;
			files = (
			);
			inputFileListPaths = (
			);
			inputPaths = (
				"${PODS_PODFILE_DIR_PATH}/Podfile.lock",
				"${PODS_ROOT}/Manifest.lock",
			);
			name = "[CP] Check Pods Manifest.lock";
			outputFileListPaths = (
			);
			outputPaths = (
				"$(DERIVED_FILE_DIR)/Pods-flickr-recents-checkManifestLockResult.txt",
			);
			runOnlyForDeploymentPostprocessing = 0;
			shellPath = /bin/sh;
			shellScript = "diff \"${PODS_PODFILE_DIR_PATH}/Podfile.lock\" \"${PODS_ROOT}/Manifest.lock\" > /dev/null\nif [ $? != 0 ] ; then\n    # print error to STDERR\n    echo \"error: The sandbox is not in sync with the Podfile.lock. Run 'pod install' or update your CocoaPods installation.\" >&2\n    exit 1\nfi\n# This output is used by Xcode 'outputs' to avoid re-running this script phase.\necho \"SUCCESS\" > \"${SCRIPT_OUTPUT_FILE_0}\"\n";
			showEnvVarsInLog = 0;
		};
		54AB51C5F2679675C888A0DD /* [CP] Embed Pods Frameworks */ = {
			isa = PBXShellScriptBuildPhase;
			buildActionMask = 2147483647;
			files = (
			);
			inputFileListPaths = (
				"${PODS_ROOT}/Target Support Files/Pods-flickr-recents/Pods-flickr-recents-frameworks-${CONFIGURATION}-input-files.xcfilelist",
			);
			name = "[CP] Embed Pods Frameworks";
			outputFileListPaths = (
				"${PODS_ROOT}/Target Support Files/Pods-flickr-recents/Pods-flickr-recents-frameworks-${CONFIGURATION}-output-files.xcfilelist",
			);
			runOnlyForDeploymentPostprocessing = 0;
			shellPath = /bin/sh;
			shellScript = "\"${PODS_ROOT}/Target Support Files/Pods-flickr-recents/Pods-flickr-recents-frameworks.sh\"\n";
			showEnvVarsInLog = 0;
		};
/* End PBXShellScriptBuildPhase section */

/* Begin PBXSourcesBuildPhase section */
		D65A1B4B26EF253A00A53D10 /* Sources */ = {
			isa = PBXSourcesBuildPhase;
			buildActionMask = 2147483647;
			files = (
				D65A1BA526EF320D00A53D10 /* NetworkManager.swift in Sources */,
				D65A1B7E26EF2E7F00A53D10 /* FlickrModel.swift in Sources */,
				D6D587FF26EF4C0100621C56 /* PhotoDetailCollectionViewCell.swift in Sources */,
				D6D587FC26EF4B4A00621C56 /* ImageDetailViewController.swift in Sources */,
				D65A1B7026EF278D00A53D10 /* ImageGalleryViewController.swift in Sources */,
				D65A1B5326EF253A00A53D10 /* AppDelegate.swift in Sources */,
				D65A1B7526EF2A7800A53D10 /* PhotoCollectionViewCell.swift in Sources */,
				D65A1B7926EF2B2900A53D10 /* Constants.swift in Sources */,
			);
			runOnlyForDeploymentPostprocessing = 0;
		};
/* End PBXSourcesBuildPhase section */

/* Begin PBXVariantGroup section */
		D65A1B5826EF253A00A53D10 /* Main.storyboard */ = {
			isa = PBXVariantGroup;
			children = (
				D65A1B5926EF253A00A53D10 /* Base */,
			);
			name = Main.storyboard;
			sourceTree = "<group>";
		};
		D65A1B5D26EF253C00A53D10 /* LaunchScreen.storyboard */ = {
			isa = PBXVariantGroup;
			children = (
				D65A1B5E26EF253C00A53D10 /* Base */,
			);
			name = LaunchScreen.storyboard;
			sourceTree = "<group>";
		};
/* End PBXVariantGroup section */

/* Begin XCBuildConfiguration section */
		D65A1B6126EF253C00A53D10 /* Debug */ = {
			isa = XCBuildConfiguration;
			buildSettings = {
				ALWAYS_SEARCH_USER_PATHS = NO;
				CLANG_ANALYZER_NONNULL = YES;
				CLANG_ANALYZER_NUMBER_OBJECT_CONVERSION = YES_AGGRESSIVE;
				CLANG_CXX_LANGUAGE_STANDARD = "gnu++14";
				CLANG_CXX_LIBRARY = "libc++";
				CLANG_ENABLE_MODULES = YES;
				CLANG_ENABLE_OBJC_ARC = YES;
				CLANG_ENABLE_OBJC_WEAK = YES;
				CLANG_WARN_BLOCK_CAPTURE_AUTORELEASING = YES;
				CLANG_WARN_BOOL_CONVERSION = YES;
				CLANG_WARN_COMMA = YES;
				CLANG_WARN_CONSTANT_CONVERSION = YES;
				CLANG_WARN_DEPRECATED_OBJC_IMPLEMENTATIONS = YES;
				CLANG_WARN_DIRECT_OBJC_ISA_USAGE = YES_ERROR;
				CLANG_WARN_DOCUMENTATION_COMMENTS = YES;
				CLANG_WARN_EMPTY_BODY = YES;
				CLANG_WARN_ENUM_CONVERSION = YES;
				CLANG_WARN_INFINITE_RECURSION = YES;
				CLANG_WARN_INT_CONVERSION = YES;
				CLANG_WARN_NON_LITERAL_NULL_CONVERSION = YES;
				CLANG_WARN_OBJC_IMPLICIT_RETAIN_SELF = YES;
				CLANG_WARN_OBJC_LITERAL_CONVERSION = YES;
				CLANG_WARN_OBJC_ROOT_CLASS = YES_ERROR;
				CLANG_WARN_QUOTED_INCLUDE_IN_FRAMEWORK_HEADER = YES;
				CLANG_WARN_RANGE_LOOP_ANALYSIS = YES;
				CLANG_WARN_STRICT_PROTOTYPES = YES;
				CLANG_WARN_SUSPICIOUS_MOVE = YES;
				CLANG_WARN_UNGUARDED_AVAILABILITY = YES_AGGRESSIVE;
				CLANG_WARN_UNREACHABLE_CODE = YES;
				CLANG_WARN__DUPLICATE_METHOD_MATCH = YES;
				COPY_PHASE_STRIP = NO;
				DEBUG_INFORMATION_FORMAT = dwarf;
				ENABLE_STRICT_OBJC_MSGSEND = YES;
				ENABLE_TESTABILITY = YES;
				GCC_C_LANGUAGE_STANDARD = gnu11;
				GCC_DYNAMIC_NO_PIC = NO;
				GCC_NO_COMMON_BLOCKS = YES;
				GCC_OPTIMIZATION_LEVEL = 0;
				GCC_PREPROCESSOR_DEFINITIONS = (
					"DEBUG=1",
					"$(inherited)",
				);
				GCC_WARN_64_TO_32_BIT_CONVERSION = YES;
				GCC_WARN_ABOUT_RETURN_TYPE = YES_ERROR;
				GCC_WARN_UNDECLARED_SELECTOR = YES;
				GCC_WARN_UNINITIALIZED_AUTOS = YES_AGGRESSIVE;
				GCC_WARN_UNUSED_FUNCTION = YES;
				GCC_WARN_UNUSED_VARIABLE = YES;
				IPHONEOS_DEPLOYMENT_TARGET = 14.4;
				MTL_ENABLE_DEBUG_INFO = INCLUDE_SOURCE;
				MTL_FAST_MATH = YES;
				ONLY_ACTIVE_ARCH = YES;
				SDKROOT = iphoneos;
				SWIFT_ACTIVE_COMPILATION_CONDITIONS = DEBUG;
				SWIFT_OPTIMIZATION_LEVEL = "-Onone";
			};
			name = Debug;
		};
		D65A1B6226EF253C00A53D10 /* Release */ = {
			isa = XCBuildConfiguration;
			buildSettings = {
				ALWAYS_SEARCH_USER_PATHS = NO;
				CLANG_ANALYZER_NONNULL = YES;
				CLANG_ANALYZER_NUMBER_OBJECT_CONVERSION = YES_AGGRESSIVE;
				CLANG_CXX_LANGUAGE_STANDARD = "gnu++14";
				CLANG_CXX_LIBRARY = "libc++";
				CLANG_ENABLE_MODULES = YES;
				CLANG_ENABLE_OBJC_ARC = YES;
				CLANG_ENABLE_OBJC_WEAK = YES;
				CLANG_WARN_BLOCK_CAPTURE_AUTORELEASING = YES;
				CLANG_WARN_BOOL_CONVERSION = YES;
				CLANG_WARN_COMMA = YES;
				CLANG_WARN_CONSTANT_CONVERSION = YES;
				CLANG_WARN_DEPRECATED_OBJC_IMPLEMENTATIONS = YES;
				CLANG_WARN_DIRECT_OBJC_ISA_USAGE = YES_ERROR;
				CLANG_WARN_DOCUMENTATION_COMMENTS = YES;
				CLANG_WARN_EMPTY_BODY = YES;
				CLANG_WARN_ENUM_CONVERSION = YES;
				CLANG_WARN_INFINITE_RECURSION = YES;
				CLANG_WARN_INT_CONVERSION = YES;
				CLANG_WARN_NON_LITERAL_NULL_CONVERSION = YES;
				CLANG_WARN_OBJC_IMPLICIT_RETAIN_SELF = YES;
				CLANG_WARN_OBJC_LITERAL_CONVERSION = YES;
				CLANG_WARN_OBJC_ROOT_CLASS = YES_ERROR;
				CLANG_WARN_QUOTED_INCLUDE_IN_FRAMEWORK_HEADER = YES;
				CLANG_WARN_RANGE_LOOP_ANALYSIS = YES;
				CLANG_WARN_STRICT_PROTOTYPES = YES;
				CLANG_WARN_SUSPICIOUS_MOVE = YES;
				CLANG_WARN_UNGUARDED_AVAILABILITY = YES_AGGRESSIVE;
				CLANG_WARN_UNREACHABLE_CODE = YES;
				CLANG_WARN__DUPLICATE_METHOD_MATCH = YES;
				COPY_PHASE_STRIP = NO;
				DEBUG_INFORMATION_FORMAT = "dwarf-with-dsym";
				ENABLE_NS_ASSERTIONS = NO;
				ENABLE_STRICT_OBJC_MSGSEND = YES;
				GCC_C_LANGUAGE_STANDARD = gnu11;
				GCC_NO_COMMON_BLOCKS = YES;
				GCC_WARN_64_TO_32_BIT_CONVERSION = YES;
				GCC_WARN_ABOUT_RETURN_TYPE = YES_ERROR;
				GCC_WARN_UNDECLARED_SELECTOR = YES;
				GCC_WARN_UNINITIALIZED_AUTOS = YES_AGGRESSIVE;
				GCC_WARN_UNUSED_FUNCTION = YES;
				GCC_WARN_UNUSED_VARIABLE = YES;
				IPHONEOS_DEPLOYMENT_TARGET = 14.4;
				MTL_ENABLE_DEBUG_INFO = NO;
				MTL_FAST_MATH = YES;
				SDKROOT = iphoneos;
				SWIFT_COMPILATION_MODE = wholemodule;
				SWIFT_OPTIMIZATION_LEVEL = "-O";
				VALIDATE_PRODUCT = YES;
			};
			name = Release;
		};
		D65A1B6426EF253C00A53D10 /* Debug */ = {
			isa = XCBuildConfiguration;
			baseConfigurationReference = F95D999FD649251063C787B4 /* Pods-flickr-recents.debug.xcconfig */;
			buildSettings = {
				ASSETCATALOG_COMPILER_APPICON_NAME = AppIcon;
				ASSETCATALOG_COMPILER_GLOBAL_ACCENT_COLOR_NAME = AccentColor;
				CODE_SIGN_STYLE = Automatic;
				DEVELOPMENT_TEAM = 3J3VV6429N;
				INFOPLIST_FILE = "flickr-recents/Info.plist";
				LD_RUNPATH_SEARCH_PATHS = (
					"$(inherited)",
					"@executable_path/Frameworks",
				);
				PRODUCT_BUNDLE_IDENTIFIER = "alvin.lee.flickr-recents";
				PRODUCT_NAME = "$(TARGET_NAME)";
				SWIFT_VERSION = 5.0;
				TARGETED_DEVICE_FAMILY = "1,2";
			};
			name = Debug;
		};
		D65A1B6526EF253C00A53D10 /* Release */ = {
			isa = XCBuildConfiguration;
			baseConfigurationReference = 511D5D56EFDE3199F6A2310F /* Pods-flickr-recents.release.xcconfig */;
			buildSettings = {
				ASSETCATALOG_COMPILER_APPICON_NAME = AppIcon;
				ASSETCATALOG_COMPILER_GLOBAL_ACCENT_COLOR_NAME = AccentColor;
				CODE_SIGN_STYLE = Automatic;
				DEVELOPMENT_TEAM = 3J3VV6429N;
				INFOPLIST_FILE = "flickr-recents/Info.plist";
				LD_RUNPATH_SEARCH_PATHS = (
					"$(inherited)",
					"@executable_path/Frameworks",
				);
				PRODUCT_BUNDLE_IDENTIFIER = "alvin.lee.flickr-recents";
				PRODUCT_NAME = "$(TARGET_NAME)";
				SWIFT_VERSION = 5.0;
				TARGETED_DEVICE_FAMILY = "1,2";
			};
			name = Release;
		};
/* End XCBuildConfiguration section */

/* Begin XCConfigurationList section */
		D65A1B4A26EF253A00A53D10 /* Build configuration list for PBXProject "flickr-recents" */ = {
			isa = XCConfigurationList;
			buildConfigurations = (
				D65A1B6126EF253C00A53D10 /* Debug */,
				D65A1B6226EF253C00A53D10 /* Release */,
			);
			defaultConfigurationIsVisible = 0;
			defaultConfigurationName = Release;
		};
		D65A1B6326EF253C00A53D10 /* Build configuration list for PBXNativeTarget "flickr-recents" */ = {
			isa = XCConfigurationList;
			buildConfigurations = (
				D65A1B6426EF253C00A53D10 /* Debug */,
				D65A1B6526EF253C00A53D10 /* Release */,
			);
			defaultConfigurationIsVisible = 0;
			defaultConfigurationName = Release;
		};
/* End XCConfigurationList section */
	};
	rootObject = D65A1B4726EF253A00A53D10 /* Project object */;
}
